
Microsoft Visual Studio Solution File, Format Version 12.00
# Visual Studio 2013
VisualStudioVersion = 12.0.31101.0
MinimumVisualStudioVersion = 10.0.40219.1
Project("{2150E333-8FDC-42A3-9474-1A3956D46DE8}") = "Api", "Api", "{0BF1F329-078C-49E6-9884-F97D0A76A8DA}"
EndProject
Project("{2150E333-8FDC-42A3-9474-1A3956D46DE8}") = "Mobile", "Mobile", "{6A577CC1-AA97-4642-99DB-79370FFD88F4}"
EndProject
Project("{FAE04EC0-301F-11D3-BF4B-00C04F79EFBC}") = "App", "App\App.csproj", "{CB444C90-582D-4590-829A-62BD4F60C8A6}"
EndProject
Project("{FAE04EC0-301F-11D3-BF4B-00C04F79EFBC}") = "Pull2Refresh.Droid", "Pull2Refresh.Droid\Pull2Refresh.Droid.csproj", "{090BE836-39EA-4447-9A7F-061EB54B30E4}"
EndProject
Project("{FAE04EC0-301F-11D3-BF4B-00C04F79EFBC}") = "BaiduMap.Droid", "BaiduMap.Droid\BaiduMap.Droid.csproj", "{63BD474A-F9C2-4CF2-9C85-372307C752B6}"
EndProject
Global
	GlobalSection(SolutionConfigurationPlatforms) = preSolution
		Debug|Any CPU = Debug|Any CPU
		Release|Any CPU = Release|Any CPU
	EndGlobalSection
	GlobalSection(ProjectConfigurationPlatforms) = postSolution
		{CB444C90-582D-4590-829A-62BD4F60C8A6}.Debug|Any CPU.ActiveCfg = Debug|Any CPU
		{CB444C90-582D-4590-829A-62BD4F60C8A6}.Debug|Any CPU.Build.0 = Debug|Any CPU
		{CB444C90-582D-4590-829A-62BD4F60C8A6}.Debug|Any CPU.Deploy.0 = Debug|Any CPU
		{CB444C90-582D-4590-829A-62BD4F60C8A6}.Release|Any CPU.ActiveCfg = Release|Any CPU
		{CB444C90-582D-4590-829A-62BD4F60C8A6}.Release|Any CPU.Build.0 = Release|Any CPU
		{CB444C90-582D-4590-829A-62BD4F60C8A6}.Release|Any CPU.Deploy.0 = Release|Any CPU
		{090BE836-39EA-4447-9A7F-061EB54B30E4}.Debug|Any CPU.ActiveCfg = Debug|Any CPU
		{090BE836-39EA-4447-9A7F-061EB54B30E4}.Debug|Any CPU.Build.0 = Debug|Any CPU
		{090BE836-39EA-4447-9A7F-061EB54B30E4}.Release|Any CPU.ActiveCfg = Release|Any CPU
		{090BE836-39EA-4447-9A7F-061EB54B30E4}.Release|Any CPU.Build.0 = Release|Any CPU
		{63BD474A-F9C2-4CF2-9C85-372307C752B6}.Debug|Any CPU.ActiveCfg = Debug|Any CPU
		{63BD474A-F9C2-4CF2-9C85-372307C752B6}.Debug|Any CPU.Build.0 = Debug|Any CPU
		{63BD474A-F9C2-4CF2-9C85-372307C752B6}.Release|Any CPU.ActiveCfg = Release|Any CPU
		{63BD474A-F9C2-4CF2-9C85-372307C752B6}.Release|Any CPU.Build.0 = Release|Any CPU
	EndGlobalSection
	GlobalSection(SolutionProperties) = preSolution
		HideSolutionNode = FALSE
	EndGlobalSection
	GlobalSection(NestedProjects) = preSolution
		{CB444C90-582D-4590-829A-62BD4F60C8A6} = {6A577CC1-AA97-4642-99DB-79370FFD88F4}
		{090BE836-39EA-4447-9A7F-061EB54B30E4} = {0BF1F329-078C-49E6-9884-F97D0A76A8DA}
		{63BD474A-F9C2-4CF2-9C85-372307C752B6} = {0BF1F329-078C-49E6-9884-F97D0A76A8DA}
	EndGlobalSection
EndGlobal
